// !$*UTF8*$!
{
	archiveVersion = 1;
	classes = {
	};
	objectVersion = 50;
	objects = {

/* Begin PBXBuildFile section */
		219ADF52D63059297F976B29 /* Pods_Carwash_CarwashUITests.framework in Frameworks */ = {isa = PBXBuildFile; fileRef = 09AADF1EE737724047569ABF /* Pods_Carwash_CarwashUITests.framework */; };
		6D30E68523D3109E0011A965 /* Login.swift in Sources */ = {isa = PBXBuildFile; fileRef = 6D30E68423D3109E0011A965 /* Login.swift */; };
		6D30E68923D31CC80011A965 /* SearchViewController.swift in Sources */ = {isa = PBXBuildFile; fileRef = 6D30E68823D31CC80011A965 /* SearchViewController.swift */; };
		6D30E68F23D3227B0011A965 /* LoginViewController.swift in Sources */ = {isa = PBXBuildFile; fileRef = 6D30E68E23D3227B0011A965 /* LoginViewController.swift */; };
		6D588FE123D2203B006DEB85 /* AppDelegate.swift in Sources */ = {isa = PBXBuildFile; fileRef = 6D588FE023D2203B006DEB85 /* AppDelegate.swift */; };
		6D588FE323D2203B006DEB85 /* SceneDelegate.swift in Sources */ = {isa = PBXBuildFile; fileRef = 6D588FE223D2203B006DEB85 /* SceneDelegate.swift */; };
		6D588FE823D2203B006DEB85 /* Main.storyboard in Resources */ = {isa = PBXBuildFile; fileRef = 6D588FE623D2203B006DEB85 /* Main.storyboard */; };
		6D588FEA23D2203D006DEB85 /* Assets.xcassets in Resources */ = {isa = PBXBuildFile; fileRef = 6D588FE923D2203D006DEB85 /* Assets.xcassets */; };
		6D588FED23D2203D006DEB85 /* LaunchScreen.storyboard in Resources */ = {isa = PBXBuildFile; fileRef = 6D588FEB23D2203D006DEB85 /* LaunchScreen.storyboard */; };
		6D588FF823D2203D006DEB85 /* CarwashTests.swift in Sources */ = {isa = PBXBuildFile; fileRef = 6D588FF723D2203D006DEB85 /* CarwashTests.swift */; };
		6D58900323D2203D006DEB85 /* CarwashUITests.swift in Sources */ = {isa = PBXBuildFile; fileRef = 6D58900223D2203D006DEB85 /* CarwashUITests.swift */; };
		6D78029523DC9F1300855424 /* Adres.swift in Sources */ = {isa = PBXBuildFile; fileRef = 6D78029423DC9F1300855424 /* Adres.swift */; };
		6D78029723DCA53100855424 /* User.swift in Sources */ = {isa = PBXBuildFile; fileRef = 6D78029623DCA53100855424 /* User.swift */; };
		6D78029923DCF18300855424 /* CarwashDetailViewController.swift in Sources */ = {isa = PBXBuildFile; fileRef = 6D78029823DCF18300855424 /* CarwashDetailViewController.swift */; };
		6D82144723DF1BBF007C126C /* Afspraak.swift in Sources */ = {isa = PBXBuildFile; fileRef = 6D82144623DF1BBF007C126C /* Afspraak.swift */; };
		6D82144923DF4590007C126C /* AfsprakenTableViewController.swift in Sources */ = {isa = PBXBuildFile; fileRef = 6D82144823DF4590007C126C /* AfsprakenTableViewController.swift */; };
		6D82144B23DF4D1F007C126C /* AfspraakTableViewCell.swift in Sources */ = {isa = PBXBuildFile; fileRef = 6D82144A23DF4D1F007C126C /* AfspraakTableViewCell.swift */; };
		6D9B015E24F799B500B1AEDD /* Auto.swift in Sources */ = {isa = PBXBuildFile; fileRef = 6D9B015D24F799B500B1AEDD /* Auto.swift */; };
		6D9B016224F7A69100B1AEDD /* CarwashDTO.swift in Sources */ = {isa = PBXBuildFile; fileRef = 6D9B016124F7A69100B1AEDD /* CarwashDTO.swift */; };
		6DB6691723D2314E0032E998 /* Carwash.swift in Sources */ = {isa = PBXBuildFile; fileRef = 6DB6691623D2314E0032E998 /* Carwash.swift */; };
		6DBA9EC823D360660075EC4F /* APIClient.swift in Sources */ = {isa = PBXBuildFile; fileRef = 6DBA9EC723D360660075EC4F /* APIClient.swift */; };
		6DBA9ECC23D45C230075EC4F /* CarwashTableViewController.swift in Sources */ = {isa = PBXBuildFile; fileRef = 6DBA9ECB23D45C230075EC4F /* CarwashTableViewController.swift */; };
		6DBA9ECF23D45EC20075EC4F /* CarwashTableViewCell.swift in Sources */ = {isa = PBXBuildFile; fileRef = 6DBA9ECE23D45EC20075EC4F /* CarwashTableViewCell.swift */; };
		6DBA9ED223D477300075EC4F /* CarwashController.swift in Sources */ = {isa = PBXBuildFile; fileRef = 6DBA9ED123D477300075EC4F /* CarwashController.swift */; };
		6DBA9ED423D477B10075EC4F /* Repository.swift in Sources */ = {isa = PBXBuildFile; fileRef = 6DBA9ED323D477B10075EC4F /* Repository.swift */; };
		6DBA9ED623D47C890075EC4F /* Reachability.swift in Sources */ = {isa = PBXBuildFile; fileRef = 6DBA9ED523D47C890075EC4F /* Reachability.swift */; };
		6DED897723DDACBB0073CA85 /* AddCarwashTableViewController.swift in Sources */ = {isa = PBXBuildFile; fileRef = 6DED897623DDACBB0073CA85 /* AddCarwashTableViewController.swift */; };
		E219D9291AE682EBD71FFD72 /* Pods_CarwashTests.framework in Frameworks */ = {isa = PBXBuildFile; fileRef = 8582B74417936F014E41ED2E /* Pods_CarwashTests.framework */; };
		E72BC7BAE546B724226CF69F /* Pods_Carwash.framework in Frameworks */ = {isa = PBXBuildFile; fileRef = 1DE0495755FB2AA34F467C79 /* Pods_Carwash.framework */; };
/* End PBXBuildFile section */

/* Begin PBXContainerItemProxy section */
		6D588FF423D2203D006DEB85 /* PBXContainerItemProxy */ = {
			isa = PBXContainerItemProxy;
			containerPortal = 6D588FD523D2203B006DEB85 /* Project object */;
			proxyType = 1;
			remoteGlobalIDString = 6D588FDC23D2203B006DEB85;
			remoteInfo = Carwash;
		};
		6D588FFF23D2203D006DEB85 /* PBXContainerItemProxy */ = {
			isa = PBXContainerItemProxy;
			containerPortal = 6D588FD523D2203B006DEB85 /* Project object */;
			proxyType = 1;
			remoteGlobalIDString = 6D588FDC23D2203B006DEB85;
			remoteInfo = Carwash;
		};
/* End PBXContainerItemProxy section */

/* Begin PBXFileReference section */
		09AADF1EE737724047569ABF /* Pods_Carwash_CarwashUITests.framework */ = {isa = PBXFileReference; explicitFileType = wrapper.framework; includeInIndex = 0; path = Pods_Carwash_CarwashUITests.framework; sourceTree = BUILT_PRODUCTS_DIR; };
		11EF68113072648686787485 /* Pods-Carwash.debug.xcconfig */ = {isa = PBXFileReference; includeInIndex = 1; lastKnownFileType = text.xcconfig; name = "Pods-Carwash.debug.xcconfig"; path = "Target Support Files/Pods-Carwash/Pods-Carwash.debug.xcconfig"; sourceTree = "<group>"; };
		1A1207D20F3625C712D2E40B /* Pods-CarwashTests.release.xcconfig */ = {isa = PBXFileReference; includeInIndex = 1; lastKnownFileType = text.xcconfig; name = "Pods-CarwashTests.release.xcconfig"; path = "Target Support Files/Pods-CarwashTests/Pods-CarwashTests.release.xcconfig"; sourceTree = "<group>"; };
		1DE0495755FB2AA34F467C79 /* Pods_Carwash.framework */ = {isa = PBXFileReference; explicitFileType = wrapper.framework; includeInIndex = 0; path = Pods_Carwash.framework; sourceTree = BUILT_PRODUCTS_DIR; };
		5E26DFF722E2D0CD558ADEEF /* Pods-Carwash.release.xcconfig */ = {isa = PBXFileReference; includeInIndex = 1; lastKnownFileType = text.xcconfig; name = "Pods-Carwash.release.xcconfig"; path = "Target Support Files/Pods-Carwash/Pods-Carwash.release.xcconfig"; sourceTree = "<group>"; };
		5E664F20DC0C04B78307E45C /* Pods-CarwashTests.debug.xcconfig */ = {isa = PBXFileReference; includeInIndex = 1; lastKnownFileType = text.xcconfig; name = "Pods-CarwashTests.debug.xcconfig"; path = "Target Support Files/Pods-CarwashTests/Pods-CarwashTests.debug.xcconfig"; sourceTree = "<group>"; };
		6616EEA649E3AB702E3B8277 /* Pods-Carwash-CarwashUITests.release.xcconfig */ = {isa = PBXFileReference; includeInIndex = 1; lastKnownFileType = text.xcconfig; name = "Pods-Carwash-CarwashUITests.release.xcconfig"; path = "Target Support Files/Pods-Carwash-CarwashUITests/Pods-Carwash-CarwashUITests.release.xcconfig"; sourceTree = "<group>"; };
		6B82389FF06562B6DE0F9453 /* Pods-Carwash-CarwashUITests.debug.xcconfig */ = {isa = PBXFileReference; includeInIndex = 1; lastKnownFileType = text.xcconfig; name = "Pods-Carwash-CarwashUITests.debug.xcconfig"; path = "Target Support Files/Pods-Carwash-CarwashUITests/Pods-Carwash-CarwashUITests.debug.xcconfig"; sourceTree = "<group>"; };
		6D30E68423D3109E0011A965 /* Login.swift */ = {isa = PBXFileReference; lastKnownFileType = sourcecode.swift; path = Login.swift; sourceTree = "<group>"; };
		6D30E68823D31CC80011A965 /* SearchViewController.swift */ = {isa = PBXFileReference; lastKnownFileType = sourcecode.swift; path = SearchViewController.swift; sourceTree = "<group>"; };
		6D30E68E23D3227B0011A965 /* LoginViewController.swift */ = {isa = PBXFileReference; lastKnownFileType = sourcecode.swift; path = LoginViewController.swift; sourceTree = "<group>"; };
		6D588FDD23D2203B006DEB85 /* Carwash.app */ = {isa = PBXFileReference; explicitFileType = wrapper.application; includeInIndex = 0; path = Carwash.app; sourceTree = BUILT_PRODUCTS_DIR; };
		6D588FE023D2203B006DEB85 /* AppDelegate.swift */ = {isa = PBXFileReference; lastKnownFileType = sourcecode.swift; path = AppDelegate.swift; sourceTree = "<group>"; };
		6D588FE223D2203B006DEB85 /* SceneDelegate.swift */ = {isa = PBXFileReference; lastKnownFileType = sourcecode.swift; path = SceneDelegate.swift; sourceTree = "<group>"; };
		6D588FE723D2203B006DEB85 /* Base */ = {isa = PBXFileReference; lastKnownFileType = file.storyboard; name = Base; path = Base.lproj/Main.storyboard; sourceTree = "<group>"; };
		6D588FE923D2203D006DEB85 /* Assets.xcassets */ = {isa = PBXFileReference; lastKnownFileType = folder.assetcatalog; path = Assets.xcassets; sourceTree = "<group>"; };
		6D588FEC23D2203D006DEB85 /* Base */ = {isa = PBXFileReference; lastKnownFileType = file.storyboard; name = Base; path = Base.lproj/LaunchScreen.storyboard; sourceTree = "<group>"; };
		6D588FEE23D2203D006DEB85 /* Info.plist */ = {isa = PBXFileReference; lastKnownFileType = text.plist.xml; path = Info.plist; sourceTree = "<group>"; };
		6D588FF323D2203D006DEB85 /* CarwashTests.xctest */ = {isa = PBXFileReference; explicitFileType = wrapper.cfbundle; includeInIndex = 0; path = CarwashTests.xctest; sourceTree = BUILT_PRODUCTS_DIR; };
		6D588FF723D2203D006DEB85 /* CarwashTests.swift */ = {isa = PBXFileReference; lastKnownFileType = sourcecode.swift; path = CarwashTests.swift; sourceTree = "<group>"; };
		6D588FF923D2203D006DEB85 /* Info.plist */ = {isa = PBXFileReference; lastKnownFileType = text.plist.xml; path = Info.plist; sourceTree = "<group>"; };
		6D588FFE23D2203D006DEB85 /* CarwashUITests.xctest */ = {isa = PBXFileReference; explicitFileType = wrapper.cfbundle; includeInIndex = 0; path = CarwashUITests.xctest; sourceTree = BUILT_PRODUCTS_DIR; };
		6D58900223D2203D006DEB85 /* CarwashUITests.swift */ = {isa = PBXFileReference; lastKnownFileType = sourcecode.swift; path = CarwashUITests.swift; sourceTree = "<group>"; };
		6D58900423D2203D006DEB85 /* Info.plist */ = {isa = PBXFileReference; lastKnownFileType = text.plist.xml; path = Info.plist; sourceTree = "<group>"; };
		6D78029423DC9F1300855424 /* Adres.swift */ = {isa = PBXFileReference; lastKnownFileType = sourcecode.swift; path = Adres.swift; sourceTree = "<group>"; };
		6D78029623DCA53100855424 /* User.swift */ = {isa = PBXFileReference; lastKnownFileType = sourcecode.swift; path = User.swift; sourceTree = "<group>"; };
		6D78029823DCF18300855424 /* CarwashDetailViewController.swift */ = {isa = PBXFileReference; lastKnownFileType = sourcecode.swift; path = CarwashDetailViewController.swift; sourceTree = "<group>"; };
		6D82144623DF1BBF007C126C /* Afspraak.swift */ = {isa = PBXFileReference; lastKnownFileType = sourcecode.swift; path = Afspraak.swift; sourceTree = "<group>"; };
		6D82144823DF4590007C126C /* AfsprakenTableViewController.swift */ = {isa = PBXFileReference; lastKnownFileType = sourcecode.swift; path = AfsprakenTableViewController.swift; sourceTree = "<group>"; };
		6D82144A23DF4D1F007C126C /* AfspraakTableViewCell.swift */ = {isa = PBXFileReference; lastKnownFileType = sourcecode.swift; path = AfspraakTableViewCell.swift; sourceTree = "<group>"; };
		6D9B015D24F799B500B1AEDD /* Auto.swift */ = {isa = PBXFileReference; lastKnownFileType = sourcecode.swift; path = Auto.swift; sourceTree = "<group>"; };
		6D9B016124F7A69100B1AEDD /* CarwashDTO.swift */ = {isa = PBXFileReference; lastKnownFileType = sourcecode.swift; path = CarwashDTO.swift; sourceTree = "<group>"; };
		6DB6691623D2314E0032E998 /* Carwash.swift */ = {isa = PBXFileReference; lastKnownFileType = sourcecode.swift; path = Carwash.swift; sourceTree = "<group>"; };
		6DBA9EC723D360660075EC4F /* APIClient.swift */ = {isa = PBXFileReference; lastKnownFileType = sourcecode.swift; path = APIClient.swift; sourceTree = "<group>"; };
		6DBA9ECB23D45C230075EC4F /* CarwashTableViewController.swift */ = {isa = PBXFileReference; lastKnownFileType = sourcecode.swift; path = CarwashTableViewController.swift; sourceTree = "<group>"; };
		6DBA9ECE23D45EC20075EC4F /* CarwashTableViewCell.swift */ = {isa = PBXFileReference; lastKnownFileType = sourcecode.swift; path = CarwashTableViewCell.swift; sourceTree = "<group>"; };
		6DBA9ED123D477300075EC4F /* CarwashController.swift */ = {isa = PBXFileReference; lastKnownFileType = sourcecode.swift; path = CarwashController.swift; sourceTree = "<group>"; };
		6DBA9ED323D477B10075EC4F /* Repository.swift */ = {isa = PBXFileReference; lastKnownFileType = sourcecode.swift; path = Repository.swift; sourceTree = "<group>"; };
		6DBA9ED523D47C890075EC4F /* Reachability.swift */ = {isa = PBXFileReference; lastKnownFileType = sourcecode.swift; path = Reachability.swift; sourceTree = "<group>"; };
		6DED897623DDACBB0073CA85 /* AddCarwashTableViewController.swift */ = {isa = PBXFileReference; lastKnownFileType = sourcecode.swift; path = AddCarwashTableViewController.swift; sourceTree = "<group>"; };
		8582B74417936F014E41ED2E /* Pods_CarwashTests.framework */ = {isa = PBXFileReference; explicitFileType = wrapper.framework; includeInIndex = 0; path = Pods_CarwashTests.framework; sourceTree = BUILT_PRODUCTS_DIR; };
/* End PBXFileReference section */

/* Begin PBXFrameworksBuildPhase section */
		6D588FDA23D2203B006DEB85 /* Frameworks */ = {
			isa = PBXFrameworksBuildPhase;
			buildActionMask = 2147483647;
			files = (
				E72BC7BAE546B724226CF69F /* Pods_Carwash.framework in Frameworks */,
			);
			runOnlyForDeploymentPostprocessing = 0;
		};
		6D588FF023D2203D006DEB85 /* Frameworks */ = {
			isa = PBXFrameworksBuildPhase;
			buildActionMask = 2147483647;
			files = (
				E219D9291AE682EBD71FFD72 /* Pods_CarwashTests.framework in Frameworks */,
			);
			runOnlyForDeploymentPostprocessing = 0;
		};
		6D588FFB23D2203D006DEB85 /* Frameworks */ = {
			isa = PBXFrameworksBuildPhase;
			buildActionMask = 2147483647;
			files = (
				219ADF52D63059297F976B29 /* Pods_Carwash_CarwashUITests.framework in Frameworks */,
			);
			runOnlyForDeploymentPostprocessing = 0;
		};
/* End PBXFrameworksBuildPhase section */

/* Begin PBXGroup section */
		6D588FD423D2203B006DEB85 = {
			isa = PBXGroup;
			children = (
				6D588FDF23D2203B006DEB85 /* Carwash */,
				6D588FF623D2203D006DEB85 /* CarwashTests */,
				6D58900123D2203D006DEB85 /* CarwashUITests */,
				6D588FDE23D2203B006DEB85 /* Products */,
				8DC43B6648BF325B6681A014 /* Pods */,
				C6C32CDE1AC0396D26EDF995 /* Frameworks */,
			);
			sourceTree = "<group>";
		};
		6D588FDE23D2203B006DEB85 /* Products */ = {
			isa = PBXGroup;
			children = (
				6D588FDD23D2203B006DEB85 /* Carwash.app */,
				6D588FF323D2203D006DEB85 /* CarwashTests.xctest */,
				6D588FFE23D2203D006DEB85 /* CarwashUITests.xctest */,
			);
			name = Products;
			sourceTree = "<group>";
		};
		6D588FDF23D2203B006DEB85 /* Carwash */ = {
			isa = PBXGroup;
			children = (
				6DBA9ED023D476EC0075EC4F /* Controllers */,
				6DBA9ECD23D45E840075EC4F /* TableViewCells */,
				6DBA9EC623D35F0C0075EC4F /* Service */,
				6DB6691523D230740032E998 /* ViewControllers */,
				6DB6691423D2305A0032E998 /* Models */,
				6D588FE023D2203B006DEB85 /* AppDelegate.swift */,
				6D588FE223D2203B006DEB85 /* SceneDelegate.swift */,
				6D588FE623D2203B006DEB85 /* Main.storyboard */,
				6D588FE923D2203D006DEB85 /* Assets.xcassets */,
				6D588FEB23D2203D006DEB85 /* LaunchScreen.storyboard */,
				6D588FEE23D2203D006DEB85 /* Info.plist */,
				6DBA9ED523D47C890075EC4F /* Reachability.swift */,
			);
			path = Carwash;
			sourceTree = "<group>";
		};
		6D588FF623D2203D006DEB85 /* CarwashTests */ = {
			isa = PBXGroup;
			children = (
				6D588FF723D2203D006DEB85 /* CarwashTests.swift */,
				6D588FF923D2203D006DEB85 /* Info.plist */,
			);
			path = CarwashTests;
			sourceTree = "<group>";
		};
		6D58900123D2203D006DEB85 /* CarwashUITests */ = {
			isa = PBXGroup;
			children = (
				6D58900223D2203D006DEB85 /* CarwashUITests.swift */,
				6D58900423D2203D006DEB85 /* Info.plist */,
			);
			path = CarwashUITests;
			sourceTree = "<group>";
		};
		6D9B016024F7A67E00B1AEDD /* DTO */ = {
			isa = PBXGroup;
			children = (
				6D9B016124F7A69100B1AEDD /* CarwashDTO.swift */,
			);
			path = DTO;
			sourceTree = "<group>";
		};
		6DB6691423D2305A0032E998 /* Models */ = {
			isa = PBXGroup;
			children = (
				6D9B016024F7A67E00B1AEDD /* DTO */,
				6DB6691623D2314E0032E998 /* Carwash.swift */,
				6D30E68423D3109E0011A965 /* Login.swift */,
				6D78029423DC9F1300855424 /* Adres.swift */,
				6D78029623DCA53100855424 /* User.swift */,
				6D82144623DF1BBF007C126C /* Afspraak.swift */,
				6D9B015D24F799B500B1AEDD /* Auto.swift */,
			);
			path = Models;
			sourceTree = "<group>";
		};
		6DB6691523D230740032E998 /* ViewControllers */ = {
			isa = PBXGroup;
			children = (
				6D30E68823D31CC80011A965 /* SearchViewController.swift */,
				6D30E68E23D3227B0011A965 /* LoginViewController.swift */,
				6DBA9ECB23D45C230075EC4F /* CarwashTableViewController.swift */,
				6D78029823DCF18300855424 /* CarwashDetailViewController.swift */,
				6DED897623DDACBB0073CA85 /* AddCarwashTableViewController.swift */,
				6D82144823DF4590007C126C /* AfsprakenTableViewController.swift */,
			);
			path = ViewControllers;
			sourceTree = "<group>";
		};
		6DBA9EC623D35F0C0075EC4F /* Service */ = {
			isa = PBXGroup;
			children = (
				6DBA9EC723D360660075EC4F /* APIClient.swift */,
				6DBA9ED323D477B10075EC4F /* Repository.swift */,
			);
			path = Service;
			sourceTree = "<group>";
		};
		6DBA9ECD23D45E840075EC4F /* TableViewCells */ = {
			isa = PBXGroup;
			children = (
				6DBA9ECE23D45EC20075EC4F /* CarwashTableViewCell.swift */,
				6D82144A23DF4D1F007C126C /* AfspraakTableViewCell.swift */,
			);
			path = TableViewCells;
			sourceTree = "<group>";
		};
		6DBA9ED023D476EC0075EC4F /* Controllers */ = {
			isa = PBXGroup;
			children = (
				6DBA9ED123D477300075EC4F /* CarwashController.swift */,
			);
			path = Controllers;
			sourceTree = "<group>";
		};
		8DC43B6648BF325B6681A014 /* Pods */ = {
			isa = PBXGroup;
			children = (
				11EF68113072648686787485 /* Pods-Carwash.debug.xcconfig */,
				5E26DFF722E2D0CD558ADEEF /* Pods-Carwash.release.xcconfig */,
				6B82389FF06562B6DE0F9453 /* Pods-Carwash-CarwashUITests.debug.xcconfig */,
				6616EEA649E3AB702E3B8277 /* Pods-Carwash-CarwashUITests.release.xcconfig */,
				5E664F20DC0C04B78307E45C /* Pods-CarwashTests.debug.xcconfig */,
				1A1207D20F3625C712D2E40B /* Pods-CarwashTests.release.xcconfig */,
			);
			path = Pods;
			sourceTree = "<group>";
		};
		C6C32CDE1AC0396D26EDF995 /* Frameworks */ = {
			isa = PBXGroup;
			children = (
				1DE0495755FB2AA34F467C79 /* Pods_Carwash.framework */,
				09AADF1EE737724047569ABF /* Pods_Carwash_CarwashUITests.framework */,
				8582B74417936F014E41ED2E /* Pods_CarwashTests.framework */,
			);
			name = Frameworks;
			sourceTree = "<group>";
		};
/* End PBXGroup section */

/* Begin PBXNativeTarget section */
		6D588FDC23D2203B006DEB85 /* Carwash */ = {
			isa = PBXNativeTarget;
			buildConfigurationList = 6D58900723D2203D006DEB85 /* Build configuration list for PBXNativeTarget "Carwash" */;
			buildPhases = (
				319AF2C9AEE0B0CFC6093A6A /* [CP] Check Pods Manifest.lock */,
				6D588FD923D2203B006DEB85 /* Sources */,
				6D588FDA23D2203B006DEB85 /* Frameworks */,
				6D588FDB23D2203B006DEB85 /* Resources */,
			);
			buildRules = (
			);
			dependencies = (
			);
			name = Carwash;
			productName = Carwash;
			productReference = 6D588FDD23D2203B006DEB85 /* Carwash.app */;
			productType = "com.apple.product-type.application";
		};
		6D588FF223D2203D006DEB85 /* CarwashTests */ = {
			isa = PBXNativeTarget;
			buildConfigurationList = 6D58900A23D2203D006DEB85 /* Build configuration list for PBXNativeTarget "CarwashTests" */;
			buildPhases = (
				D9F5E542ADED0B9D4C5FF9DB /* [CP] Check Pods Manifest.lock */,
				6D588FEF23D2203D006DEB85 /* Sources */,
				6D588FF023D2203D006DEB85 /* Frameworks */,
				6D588FF123D2203D006DEB85 /* Resources */,
			);
			buildRules = (
			);
			dependencies = (
				6D588FF523D2203D006DEB85 /* PBXTargetDependency */,
			);
			name = CarwashTests;
			productName = CarwashTests;
			productReference = 6D588FF323D2203D006DEB85 /* CarwashTests.xctest */;
			productType = "com.apple.product-type.bundle.unit-test";
		};
		6D588FFD23D2203D006DEB85 /* CarwashUITests */ = {
			isa = PBXNativeTarget;
			buildConfigurationList = 6D58900D23D2203D006DEB85 /* Build configuration list for PBXNativeTarget "CarwashUITests" */;
			buildPhases = (
				CD74BBF67D9A055CAB34EA8E /* [CP] Check Pods Manifest.lock */,
				6D588FFA23D2203D006DEB85 /* Sources */,
				6D588FFB23D2203D006DEB85 /* Frameworks */,
				6D588FFC23D2203D006DEB85 /* Resources */,
			);
			buildRules = (
			);
			dependencies = (
				6D58900023D2203D006DEB85 /* PBXTargetDependency */,
			);
			name = CarwashUITests;
			productName = CarwashUITests;
			productReference = 6D588FFE23D2203D006DEB85 /* CarwashUITests.xctest */;
			productType = "com.apple.product-type.bundle.ui-testing";
		};
/* End PBXNativeTarget section */

/* Begin PBXProject section */
		6D588FD523D2203B006DEB85 /* Project object */ = {
			isa = PBXProject;
			attributes = {
				LastSwiftUpdateCheck = 1130;
				LastUpgradeCheck = 1130;
				ORGANIZATIONNAME = "Yasmine  De Winne";
				TargetAttributes = {
					6D588FDC23D2203B006DEB85 = {
						CreatedOnToolsVersion = 11.3.1;
					};
					6D588FF223D2203D006DEB85 = {
						CreatedOnToolsVersion = 11.3.1;
						TestTargetID = 6D588FDC23D2203B006DEB85;
					};
					6D588FFD23D2203D006DEB85 = {
						CreatedOnToolsVersion = 11.3.1;
						TestTargetID = 6D588FDC23D2203B006DEB85;
					};
				};
			};
			buildConfigurationList = 6D588FD823D2203B006DEB85 /* Build configuration list for PBXProject "Carwash" */;
			compatibilityVersion = "Xcode 9.3";
			developmentRegion = en;
			hasScannedForEncodings = 0;
			knownRegions = (
				en,
				Base,
			);
			mainGroup = 6D588FD423D2203B006DEB85;
			productRefGroup = 6D588FDE23D2203B006DEB85 /* Products */;
			projectDirPath = "";
			projectRoot = "";
			targets = (
				6D588FDC23D2203B006DEB85 /* Carwash */,
				6D588FF223D2203D006DEB85 /* CarwashTests */,
				6D588FFD23D2203D006DEB85 /* CarwashUITests */,
			);
		};
/* End PBXProject section */

/* Begin PBXResourcesBuildPhase section */
		6D588FDB23D2203B006DEB85 /* Resources */ = {
			isa = PBXResourcesBuildPhase;
			buildActionMask = 2147483647;
			files = (
				6D588FED23D2203D006DEB85 /* LaunchScreen.storyboard in Resources */,
				6D588FEA23D2203D006DEB85 /* Assets.xcassets in Resources */,
				6D588FE823D2203B006DEB85 /* Main.storyboard in Resources */,
			);
			runOnlyForDeploymentPostprocessing = 0;
		};
		6D588FF123D2203D006DEB85 /* Resources */ = {
			isa = PBXResourcesBuildPhase;
			buildActionMask = 2147483647;
			files = (
			);
			runOnlyForDeploymentPostprocessing = 0;
		};
		6D588FFC23D2203D006DEB85 /* Resources */ = {
			isa = PBXResourcesBuildPhase;
			buildActionMask = 2147483647;
			files = (
			);
			runOnlyForDeploymentPostprocessing = 0;
		};
/* End PBXResourcesBuildPhase section */

/* Begin PBXShellScriptBuildPhase section */
		319AF2C9AEE0B0CFC6093A6A /* [CP] Check Pods Manifest.lock */ = {
			isa = PBXShellScriptBuildPhase;
			buildActionMask = 2147483647;
			files = (
			);
			inputFileListPaths = (
			);
			inputPaths = (
				"${PODS_PODFILE_DIR_PATH}/Podfile.lock",
				"${PODS_ROOT}/Manifest.lock",
			);
			name = "[CP] Check Pods Manifest.lock";
			outputFileListPaths = (
			);
			outputPaths = (
				"$(DERIVED_FILE_DIR)/Pods-Carwash-checkManifestLockResult.txt",
			);
			runOnlyForDeploymentPostprocessing = 0;
			shellPath = /bin/sh;
			shellScript = "diff \"${PODS_PODFILE_DIR_PATH}/Podfile.lock\" \"${PODS_ROOT}/Manifest.lock\" > /dev/null\nif [ $? != 0 ] ; then\n    # print error to STDERR\n    echo \"error: The sandbox is not in sync with the Podfile.lock. Run 'pod install' or update your CocoaPods installation.\" >&2\n    exit 1\nfi\n# This output is used by Xcode 'outputs' to avoid re-running this script phase.\necho \"SUCCESS\" > \"${SCRIPT_OUTPUT_FILE_0}\"\n";
			showEnvVarsInLog = 0;
		};
		CD74BBF67D9A055CAB34EA8E /* [CP] Check Pods Manifest.lock */ = {
			isa = PBXShellScriptBuildPhase;
			buildActionMask = 2147483647;
			files = (
			);
			inputFileListPaths = (
			);
			inputPaths = (
				"${PODS_PODFILE_DIR_PATH}/Podfile.lock",
				"${PODS_ROOT}/Manifest.lock",
			);
			name = "[CP] Check Pods Manifest.lock";
			outputFileListPaths = (
			);
			outputPaths = (
				"$(DERIVED_FILE_DIR)/Pods-Carwash-CarwashUITests-checkManifestLockResult.txt",
			);
			runOnlyForDeploymentPostprocessing = 0;
			shellPath = /bin/sh;
			shellScript = "diff \"${PODS_PODFILE_DIR_PATH}/Podfile.lock\" \"${PODS_ROOT}/Manifest.lock\" > /dev/null\nif [ $? != 0 ] ; then\n    # print error to STDERR\n    echo \"error: The sandbox is not in sync with the Podfile.lock. Run 'pod install' or update your CocoaPods installation.\" >&2\n    exit 1\nfi\n# This output is used by Xcode 'outputs' to avoid re-running this script phase.\necho \"SUCCESS\" > \"${SCRIPT_OUTPUT_FILE_0}\"\n";
			showEnvVarsInLog = 0;
		};
		D9F5E542ADED0B9D4C5FF9DB /* [CP] Check Pods Manifest.lock */ = {
			isa = PBXShellScriptBuildPhase;
			buildActionMask = 2147483647;
			files = (
			);
			inputFileListPaths = (
			);
			inputPaths = (
				"${PODS_PODFILE_DIR_PATH}/Podfile.lock",
				"${PODS_ROOT}/Manifest.lock",
			);
			name = "[CP] Check Pods Manifest.lock";
			outputFileListPaths = (
			);
			outputPaths = (
				"$(DERIVED_FILE_DIR)/Pods-CarwashTests-checkManifestLockResult.txt",
			);
			runOnlyForDeploymentPostprocessing = 0;
			shellPath = /bin/sh;
			shellScript = "diff \"${PODS_PODFILE_DIR_PATH}/Podfile.lock\" \"${PODS_ROOT}/Manifest.lock\" > /dev/null\nif [ $? != 0 ] ; then\n    # print error to STDERR\n    echo \"error: The sandbox is not in sync with the Podfile.lock. Run 'pod install' or update your CocoaPods installation.\" >&2\n    exit 1\nfi\n# This output is used by Xcode 'outputs' to avoid re-running this script phase.\necho \"SUCCESS\" > \"${SCRIPT_OUTPUT_FILE_0}\"\n";
			showEnvVarsInLog = 0;
		};
/* End PBXShellScriptBuildPhase section */

/* Begin PBXSourcesBuildPhase section */
		6D588FD923D2203B006DEB85 /* Sources */ = {
			isa = PBXSourcesBuildPhase;
			buildActionMask = 2147483647;
			files = (
				6DBA9ED623D47C890075EC4F /* Reachability.swift in Sources */,
				6D30E68F23D3227B0011A965 /* LoginViewController.swift in Sources */,
				6D9B016224F7A69100B1AEDD /* CarwashDTO.swift in Sources */,
				6D30E68923D31CC80011A965 /* SearchViewController.swift in Sources */,
				6D30E68523D3109E0011A965 /* Login.swift in Sources */,
				6D78029723DCA53100855424 /* User.swift in Sources */,
				6DBA9ED423D477B10075EC4F /* Repository.swift in Sources */,
				6D78029523DC9F1300855424 /* Adres.swift in Sources */,
				6DBA9EC823D360660075EC4F /* APIClient.swift in Sources */,
				6DBA9ECC23D45C230075EC4F /* CarwashTableViewController.swift in Sources */,
				6D78029923DCF18300855424 /* CarwashDetailViewController.swift in Sources */,
				6D9B015E24F799B500B1AEDD /* Auto.swift in Sources */,
				6DBA9ECF23D45EC20075EC4F /* CarwashTableViewCell.swift in Sources */,
				6DBA9ED223D477300075EC4F /* CarwashController.swift in Sources */,
				6DB6691723D2314E0032E998 /* Carwash.swift in Sources */,
				6D588FE123D2203B006DEB85 /* AppDelegate.swift in Sources */,
				6DED897723DDACBB0073CA85 /* AddCarwashTableViewController.swift in Sources */,
				6D82144B23DF4D1F007C126C /* AfspraakTableViewCell.swift in Sources */,
				6D82144923DF4590007C126C /* AfsprakenTableViewController.swift in Sources */,
				6D82144723DF1BBF007C126C /* Afspraak.swift in Sources */,
				6D588FE323D2203B006DEB85 /* SceneDelegate.swift in Sources */,
			);
			runOnlyForDeploymentPostprocessing = 0;
		};
		6D588FEF23D2203D006DEB85 /* Sources */ = {
			isa = PBXSourcesBuildPhase;
			buildActionMask = 2147483647;
			files = (
				6D588FF823D2203D006DEB85 /* CarwashTests.swift in Sources */,
			);
			runOnlyForDeploymentPostprocessing = 0;
		};
		6D588FFA23D2203D006DEB85 /* Sources */ = {
			isa = PBXSourcesBuildPhase;
			buildActionMask = 2147483647;
			files = (
				6D58900323D2203D006DEB85 /* CarwashUITests.swift in Sources */,
			);
			runOnlyForDeploymentPostprocessing = 0;
		};
/* End PBXSourcesBuildPhase section */

/* Begin PBXTargetDependency section */
		6D588FF523D2203D006DEB85 /* PBXTargetDependency */ = {
			isa = PBXTargetDependency;
			target = 6D588FDC23D2203B006DEB85 /* Carwash */;
			targetProxy = 6D588FF423D2203D006DEB85 /* PBXContainerItemProxy */;
		};
		6D58900023D2203D006DEB85 /* PBXTargetDependency */ = {
			isa = PBXTargetDependency;
			target = 6D588FDC23D2203B006DEB85 /* Carwash */;
			targetProxy = 6D588FFF23D2203D006DEB85 /* PBXContainerItemProxy */;
		};
/* End PBXTargetDependency section */

/* Begin PBXVariantGroup section */
		6D588FE623D2203B006DEB85 /* Main.storyboard */ = {
			isa = PBXVariantGroup;
			children = (
				6D588FE723D2203B006DEB85 /* Base */,
			);
			name = Main.storyboard;
			sourceTree = "<group>";
		};
		6D588FEB23D2203D006DEB85 /* LaunchScreen.storyboard */ = {
			isa = PBXVariantGroup;
			children = (
				6D588FEC23D2203D006DEB85 /* Base */,
			);
			name = LaunchScreen.storyboard;
			sourceTree = "<group>";
		};
/* End PBXVariantGroup section */

/* Begin XCBuildConfiguration section */
		6D58900523D2203D006DEB85 /* Debug */ = {
			isa = XCBuildConfiguration;
			buildSettings = {
				ALWAYS_SEARCH_USER_PATHS = NO;
				CLANG_ANALYZER_NONNULL = YES;
				CLANG_ANALYZER_NUMBER_OBJECT_CONVERSION = YES_AGGRESSIVE;
				CLANG_CXX_LANGUAGE_STANDARD = "gnu++14";
				CLANG_CXX_LIBRARY = "libc++";
				CLANG_ENABLE_MODULES = YES;
				CLANG_ENABLE_OBJC_ARC = YES;
				CLANG_ENABLE_OBJC_WEAK = YES;
				CLANG_WARN_BLOCK_CAPTURE_AUTORELEASING = YES;
				CLANG_WARN_BOOL_CONVERSION = YES;
				CLANG_WARN_COMMA = YES;
				CLANG_WARN_CONSTANT_CONVERSION = YES;
				CLANG_WARN_DEPRECATED_OBJC_IMPLEMENTATIONS = YES;
				CLANG_WARN_DIRECT_OBJC_ISA_USAGE = YES_ERROR;
				CLANG_WARN_DOCUMENTATION_COMMENTS = YES;
				CLANG_WARN_EMPTY_BODY = YES;
				CLANG_WARN_ENUM_CONVERSION = YES;
				CLANG_WARN_INFINITE_RECURSION = YES;
				CLANG_WARN_INT_CONVERSION = YES;
				CLANG_WARN_NON_LITERAL_NULL_CONVERSION = YES;
				CLANG_WARN_OBJC_IMPLICIT_RETAIN_SELF = YES;
				CLANG_WARN_OBJC_LITERAL_CONVERSION = YES;
				CLANG_WARN_OBJC_ROOT_CLASS = YES_ERROR;
				CLANG_WARN_RANGE_LOOP_ANALYSIS = YES;
				CLANG_WARN_STRICT_PROTOTYPES = YES;
				CLANG_WARN_SUSPICIOUS_MOVE = YES;
				CLANG_WARN_UNGUARDED_AVAILABILITY = YES_AGGRESSIVE;
				CLANG_WARN_UNREACHABLE_CODE = YES;
				CLANG_WARN__DUPLICATE_METHOD_MATCH = YES;
				COPY_PHASE_STRIP = NO;
				DEBUG_INFORMATION_FORMAT = dwarf;
				ENABLE_STRICT_OBJC_MSGSEND = YES;
				ENABLE_TESTABILITY = YES;
				GCC_C_LANGUAGE_STANDARD = gnu11;
				GCC_DYNAMIC_NO_PIC = NO;
				GCC_NO_COMMON_BLOCKS = YES;
				GCC_OPTIMIZATION_LEVEL = 0;
				GCC_PREPROCESSOR_DEFINITIONS = (
					"DEBUG=1",
					"$(inherited)",
				);
				GCC_WARN_64_TO_32_BIT_CONVERSION = YES;
				GCC_WARN_ABOUT_RETURN_TYPE = YES_ERROR;
				GCC_WARN_UNDECLARED_SELECTOR = YES;
				GCC_WARN_UNINITIALIZED_AUTOS = YES_AGGRESSIVE;
				GCC_WARN_UNUSED_FUNCTION = YES;
				GCC_WARN_UNUSED_VARIABLE = YES;
				IPHONEOS_DEPLOYMENT_TARGET = 13.2;
				MTL_ENABLE_DEBUG_INFO = INCLUDE_SOURCE;
				MTL_FAST_MATH = YES;
				ONLY_ACTIVE_ARCH = YES;
				SDKROOT = iphoneos;
				SWIFT_ACTIVE_COMPILATION_CONDITIONS = DEBUG;
				SWIFT_OPTIMIZATION_LEVEL = "-Onone";
			};
			name = Debug;
		};
		6D58900623D2203D006DEB85 /* Release */ = {
			isa = XCBuildConfiguration;
			buildSettings = {
				ALWAYS_SEARCH_USER_PATHS = NO;
				CLANG_ANALYZER_NONNULL = YES;
				CLANG_ANALYZER_NUMBER_OBJECT_CONVERSION = YES_AGGRESSIVE;
				CLANG_CXX_LANGUAGE_STANDARD = "gnu++14";
				CLANG_CXX_LIBRARY = "libc++";
				CLANG_ENABLE_MODULES = YES;
				CLANG_ENABLE_OBJC_ARC = YES;
				CLANG_ENABLE_OBJC_WEAK = YES;
				CLANG_WARN_BLOCK_CAPTURE_AUTORELEASING = YES;
				CLANG_WARN_BOOL_CONVERSION = YES;
				CLANG_WARN_COMMA = YES;
				CLANG_WARN_CONSTANT_CONVERSION = YES;
				CLANG_WARN_DEPRECATED_OBJC_IMPLEMENTATIONS = YES;
				CLANG_WARN_DIRECT_OBJC_ISA_USAGE = YES_ERROR;
				CLANG_WARN_DOCUMENTATION_COMMENTS = YES;
				CLANG_WARN_EMPTY_BODY = YES;
				CLANG_WARN_ENUM_CONVERSION = YES;
				CLANG_WARN_INFINITE_RECURSION = YES;
				CLANG_WARN_INT_CONVERSION = YES;
				CLANG_WARN_NON_LITERAL_NULL_CONVERSION = YES;
				CLANG_WARN_OBJC_IMPLICIT_RETAIN_SELF = YES;
				CLANG_WARN_OBJC_LITERAL_CONVERSION = YES;
				CLANG_WARN_OBJC_ROOT_CLASS = YES_ERROR;
				CLANG_WARN_RANGE_LOOP_ANALYSIS = YES;
				CLANG_WARN_STRICT_PROTOTYPES = YES;
				CLANG_WARN_SUSPICIOUS_MOVE = YES;
				CLANG_WARN_UNGUARDED_AVAILABILITY = YES_AGGRESSIVE;
				CLANG_WARN_UNREACHABLE_CODE = YES;
				CLANG_WARN__DUPLICATE_METHOD_MATCH = YES;
				COPY_PHASE_STRIP = NO;
				DEBUG_INFORMATION_FORMAT = "dwarf-with-dsym";
				ENABLE_NS_ASSERTIONS = NO;
				ENABLE_STRICT_OBJC_MSGSEND = YES;
				GCC_C_LANGUAGE_STANDARD = gnu11;
				GCC_NO_COMMON_BLOCKS = YES;
				GCC_WARN_64_TO_32_BIT_CONVERSION = YES;
				GCC_WARN_ABOUT_RETURN_TYPE = YES_ERROR;
				GCC_WARN_UNDECLARED_SELECTOR = YES;
				GCC_WARN_UNINITIALIZED_AUTOS = YES_AGGRESSIVE;
				GCC_WARN_UNUSED_FUNCTION = YES;
				GCC_WARN_UNUSED_VARIABLE = YES;
				IPHONEOS_DEPLOYMENT_TARGET = 13.2;
				MTL_ENABLE_DEBUG_INFO = NO;
				MTL_FAST_MATH = YES;
				SDKROOT = iphoneos;
				SWIFT_COMPILATION_MODE = wholemodule;
				SWIFT_OPTIMIZATION_LEVEL = "-O";
				VALIDATE_PRODUCT = YES;
			};
			name = Release;
		};
		6D58900823D2203D006DEB85 /* Debug */ = {
			isa = XCBuildConfiguration;
			baseConfigurationReference = 11EF68113072648686787485 /* Pods-Carwash.debug.xcconfig */;
			buildSettings = {
				ASSETCATALOG_COMPILER_APPICON_NAME = AppIcon;
				CODE_SIGN_STYLE = Automatic;
				INFOPLIST_FILE = Carwash/Info.plist;
				LD_RUNPATH_SEARCH_PATHS = (
					"$(inherited)",
					"@executable_path/Frameworks",
				);
				PRODUCT_BUNDLE_IDENTIFIER = com.yasminedewinne.Carwash;
				PRODUCT_NAME = "$(TARGET_NAME)";
				SWIFT_VERSION = 5.0;
				TARGETED_DEVICE_FAMILY = "1,2";
			};
			name = Debug;
		};
		6D58900923D2203D006DEB85 /* Release */ = {
			isa = XCBuildConfiguration;
			baseConfigurationReference = 5E26DFF722E2D0CD558ADEEF /* Pods-Carwash.release.xcconfig */;
			buildSettings = {
				ASSETCATALOG_COMPILER_APPICON_NAME = AppIcon;
				CODE_SIGN_STYLE = Automatic;
				INFOPLIST_FILE = Carwash/Info.plist;
				LD_RUNPATH_SEARCH_PATHS = (
					"$(inherited)",
					"@executable_path/Frameworks",
				);
				PRODUCT_BUNDLE_IDENTIFIER = com.yasminedewinne.Carwash;
				PRODUCT_NAME = "$(TARGET_NAME)";
				SWIFT_VERSION = 5.0;
				TARGETED_DEVICE_FAMILY = "1,2";
			};
			name = Release;
		};
		6D58900B23D2203D006DEB85 /* Debug */ = {
			isa = XCBuildConfiguration;
			baseConfigurationReference = 5E664F20DC0C04B78307E45C /* Pods-CarwashTests.debug.xcconfig */;
			buildSettings = {
				ALWAYS_EMBED_SWIFT_STANDARD_LIBRARIES = YES;
				BUNDLE_LOADER = "$(TEST_HOST)";
				CODE_SIGN_STYLE = Automatic;
				INFOPLIST_FILE = CarwashTests/Info.plist;
				IPHONEOS_DEPLOYMENT_TARGET = 13.2;
				LD_RUNPATH_SEARCH_PATHS = (
					"$(inherited)",
					"@executable_path/Frameworks",
					"@loader_path/Frameworks",
				);
				PRODUCT_BUNDLE_IDENTIFIER = com.yasminedewinne.CarwashTests;
				PRODUCT_NAME = "$(TARGET_NAME)";
				SWIFT_VERSION = 5.0;
				TARGETED_DEVICE_FAMILY = "1,2";
				TEST_HOST = "$(BUILT_PRODUCTS_DIR)/Carwash.app/Carwash";
			};
			name = Debug;
		};
		6D58900C23D2203D006DEB85 /* Release */ = {
			isa = XCBuildConfiguration;
			baseConfigurationReference = 1A1207D20F3625C712D2E40B /* Pods-CarwashTests.release.xcconfig */;
			buildSettings = {
				ALWAYS_EMBED_SWIFT_STANDARD_LIBRARIES = YES;
				BUNDLE_LOADER = "$(TEST_HOST)";
				CODE_SIGN_STYLE = Automatic;
				INFOPLIST_FILE = CarwashTests/Info.plist;
				IPHONEOS_DEPLOYMENT_TARGET = 13.2;
				LD_RUNPATH_SEARCH_PATHS = (
					"$(inherited)",
					"@executable_path/Frameworks",
					"@loader_path/Frameworks",
				);
				PRODUCT_BUNDLE_IDENTIFIER = com.yasminedewinne.CarwashTests;
				PRODUCT_NAME = "$(TARGET_NAME)";
				SWIFT_VERSION = 5.0;
				TARGETED_DEVICE_FAMILY = "1,2";
				TEST_HOST = "$(BUILT_PRODUCTS_DIR)/Carwash.app/Carwash";
			};
			name = Release;
		};
		6D58900E23D2203D006DEB85 /* Debug */ = {
			isa = XCBuildConfiguration;
			baseConfigurationReference = 6B82389FF06562B6DE0F9453 /* Pods-Carwash-CarwashUITests.debug.xcconfig */;
			buildSettings = {
				ALWAYS_EMBED_SWIFT_STANDARD_LIBRARIES = YES;
				CODE_SIGN_STYLE = Automatic;
				INFOPLIST_FILE = CarwashUITests/Info.plist;
				LD_RUNPATH_SEARCH_PATHS = (
					"$(inherited)",
					"@executable_path/Frameworks",
					"@loader_path/Frameworks",
				);
				PRODUCT_BUNDLE_IDENTIFIER = com.yasminedewinne.CarwashUITests;
				PRODUCT_NAME = "$(TARGET_NAME)";
				SWIFT_VERSION = 5.0;
				TARGETED_DEVICE_FAMILY = "1,2";
				TEST_TARGET_NAME = Carwash;
			};
			name = Debug;
		};
		6D58900F23D2203D006DEB85 /* Release */ = {
			isa = XCBuildConfiguration;
			baseConfigurationReference = 6616EEA649E3AB702E3B8277 /* Pods-Carwash-CarwashUITests.release.xcconfig */;
			buildSettings = {
				ALWAYS_EMBED_SWIFT_STANDARD_LIBRARIES = YES;
				CODE_SIGN_STYLE = Automatic;
				INFOPLIST_FILE = CarwashUITests/Info.plist;
				LD_RUNPATH_SEARCH_PATHS = (
					"$(inherited)",
					"@executable_path/Frameworks",
					"@loader_path/Frameworks",
				);
				PRODUCT_BUNDLE_IDENTIFIER = com.yasminedewinne.CarwashUITests;
				PRODUCT_NAME = "$(TARGET_NAME)";
				SWIFT_VERSION = 5.0;
				TARGETED_DEVICE_FAMILY = "1,2";
				TEST_TARGET_NAME = Carwash;
			};
			name = Release;
		};
/* End XCBuildConfiguration section */

/* Begin XCConfigurationList section */
		6D588FD823D2203B006DEB85 /* Build configuration list for PBXProject "Carwash" */ = {
			isa = XCConfigurationList;
			buildConfigurations = (
				6D58900523D2203D006DEB85 /* Debug */,
				6D58900623D2203D006DEB85 /* Release */,
			);
			defaultConfigurationIsVisible = 0;
			defaultConfigurationName = Release;
		};
		6D58900723D2203D006DEB85 /* Build configuration list for PBXNativeTarget "Carwash" */ = {
			isa = XCConfigurationList;
			buildConfigurations = (
				6D58900823D2203D006DEB85 /* Debug */,
				6D58900923D2203D006DEB85 /* Release */,
			);
			defaultConfigurationIsVisible = 0;
			defaultConfigurationName = Release;
		};
		6D58900A23D2203D006DEB85 /* Build configuration list for PBXNativeTarget "CarwashTests" */ = {
			isa = XCConfigurationList;
			buildConfigurations = (
				6D58900B23D2203D006DEB85 /* Debug */,
				6D58900C23D2203D006DEB85 /* Release */,
			);
			defaultConfigurationIsVisible = 0;
			defaultConfigurationName = Release;
		};
		6D58900D23D2203D006DEB85 /* Build configuration list for PBXNativeTarget "CarwashUITests" */ = {
			isa = XCConfigurationList;
			buildConfigurations = (
				6D58900E23D2203D006DEB85 /* Debug */,
				6D58900F23D2203D006DEB85 /* Release */,
			);
			defaultConfigurationIsVisible = 0;
			defaultConfigurationName = Release;
		};
/* End XCConfigurationList section */
	};
	rootObject = 6D588FD523D2203B006DEB85 /* Project object */;
}
